// !$*UTF8*$!
{
	archiveVersion = 1;
	classes = {
	};
	objectVersion = 55;
	objects = {

/* Begin PBXBuildFile section */
		08E1AE132926090800172AC6 /* BasicCalendarApp.swift in Sources */ = {isa = PBXBuildFile; fileRef = 08E1AE122926090800172AC6 /* BasicCalendarApp.swift */; };
		08E1AE152926090800172AC6 /* ContentView.swift in Sources */ = {isa = PBXBuildFile; fileRef = 08E1AE142926090800172AC6 /* ContentView.swift */; };
		08E1AE172926090B00172AC6 /* Assets.xcassets in Resources */ = {isa = PBXBuildFile; fileRef = 08E1AE162926090B00172AC6 /* Assets.xcassets */; };
		08E1AE1A2926090B00172AC6 /* Preview Assets.xcassets in Resources */ = {isa = PBXBuildFile; fileRef = 08E1AE192926090B00172AC6 /* Preview Assets.xcassets */; };
		08E1AE1C2926090B00172AC6 /* Persistence.swift in Sources */ = {isa = PBXBuildFile; fileRef = 08E1AE1B2926090B00172AC6 /* Persistence.swift */; };
		08E1AE1F2926090B00172AC6 /* BasicCalendar.xcdatamodeld in Sources */ = {isa = PBXBuildFile; fileRef = 08E1AE1D2926090B00172AC6 /* BasicCalendar.xcdatamodeld */; };
		08E1AE292926090B00172AC6 /* BasicCalendarTests.swift in Sources */ = {isa = PBXBuildFile; fileRef = 08E1AE282926090B00172AC6 /* BasicCalendarTests.swift */; };
		08E1AE332926090B00172AC6 /* BasicCalendarUITests.swift in Sources */ = {isa = PBXBuildFile; fileRef = 08E1AE322926090B00172AC6 /* BasicCalendarUITests.swift */; };
		08E1AE352926090B00172AC6 /* BasicCalendarUITestsLaunchTests.swift in Sources */ = {isa = PBXBuildFile; fileRef = 08E1AE342926090B00172AC6 /* BasicCalendarUITestsLaunchTests.swift */; };
/* End PBXBuildFile section */

/* Begin PBXContainerItemProxy section */
		08E1AE252926090B00172AC6 /* PBXContainerItemProxy */ = {
			isa = PBXContainerItemProxy;
			containerPortal = 08E1AE072926090800172AC6 /* Project object */;
			proxyType = 1;
			remoteGlobalIDString = 08E1AE0E2926090800172AC6;
			remoteInfo = BasicCalendar;
		};
		08E1AE2F2926090B00172AC6 /* PBXContainerItemProxy */ = {
			isa = PBXContainerItemProxy;
			containerPortal = 08E1AE072926090800172AC6 /* Project object */;
			proxyType = 1;
			remoteGlobalIDString = 08E1AE0E2926090800172AC6;
			remoteInfo = BasicCalendar;
		};
/* End PBXContainerItemProxy section */

/* Begin PBXFileReference section */
		08E1AE0F2926090800172AC6 /* BasicCalendar.app */ = {isa = PBXFileReference; explicitFileType = wrapper.application; includeInIndex = 0; path = BasicCalendar.app; sourceTree = BUILT_PRODUCTS_DIR; };
		08E1AE122926090800172AC6 /* BasicCalendarApp.swift */ = {isa = PBXFileReference; lastKnownFileType = sourcecode.swift; path = BasicCalendarApp.swift; sourceTree = "<group>"; };
		08E1AE142926090800172AC6 /* ContentView.swift */ = {isa = PBXFileReference; lastKnownFileType = sourcecode.swift; path = ContentView.swift; sourceTree = "<group>"; };
		08E1AE162926090B00172AC6 /* Assets.xcassets */ = {isa = PBXFileReference; lastKnownFileType = folder.assetcatalog; path = Assets.xcassets; sourceTree = "<group>"; };
		08E1AE192926090B00172AC6 /* Preview Assets.xcassets */ = {isa = PBXFileReference; lastKnownFileType = folder.assetcatalog; path = "Preview Assets.xcassets"; sourceTree = "<group>"; };
		08E1AE1B2926090B00172AC6 /* Persistence.swift */ = {isa = PBXFileReference; lastKnownFileType = sourcecode.swift; path = Persistence.swift; sourceTree = "<group>"; };
		08E1AE1E2926090B00172AC6 /* BasicCalendar.xcdatamodel */ = {isa = PBXFileReference; lastKnownFileType = wrapper.xcdatamodel; path = BasicCalendar.xcdatamodel; sourceTree = "<group>"; };
		08E1AE242926090B00172AC6 /* BasicCalendarTests.xctest */ = {isa = PBXFileReference; explicitFileType = wrapper.cfbundle; includeInIndex = 0; path = BasicCalendarTests.xctest; sourceTree = BUILT_PRODUCTS_DIR; };
		08E1AE282926090B00172AC6 /* BasicCalendarTests.swift */ = {isa = PBXFileReference; lastKnownFileType = sourcecode.swift; path = BasicCalendarTests.swift; sourceTree = "<group>"; };
		08E1AE2E2926090B00172AC6 /* BasicCalendarUITests.xctest */ = {isa = PBXFileReference; explicitFileType = wrapper.cfbundle; includeInIndex = 0; path = BasicCalendarUITests.xctest; sourceTree = BUILT_PRODUCTS_DIR; };
		08E1AE322926090B00172AC6 /* BasicCalendarUITests.swift */ = {isa = PBXFileReference; lastKnownFileType = sourcecode.swift; path = BasicCalendarUITests.swift; sourceTree = "<group>"; };
		08E1AE342926090B00172AC6 /* BasicCalendarUITestsLaunchTests.swift */ = {isa = PBXFileReference; lastKnownFileType = sourcecode.swift; path = BasicCalendarUITestsLaunchTests.swift; sourceTree = "<group>"; };
/* End PBXFileReference section */

/* Begin PBXFrameworksBuildPhase section */
		08E1AE0C2926090800172AC6 /* Frameworks */ = {
			isa = PBXFrameworksBuildPhase;
			buildActionMask = 2147483647;
			files = (
			);
			runOnlyForDeploymentPostprocessing = 0;
		};
		08E1AE212926090B00172AC6 /* Frameworks */ = {
			isa = PBXFrameworksBuildPhase;
			buildActionMask = 2147483647;
			files = (
			);
			runOnlyForDeploymentPostprocessing = 0;
		};
		08E1AE2B2926090B00172AC6 /* Frameworks */ = {
			isa = PBXFrameworksBuildPhase;
			buildActionMask = 2147483647;
			files = (
			);
			runOnlyForDeploymentPostprocessing = 0;
		};
/* End PBXFrameworksBuildPhase section */

/* Begin PBXGroup section */
		08E1AE062926090800172AC6 = {
			isa = PBXGroup;
			children = (
				08E1AE112926090800172AC6 /* BasicCalendar */,
				08E1AE272926090B00172AC6 /* BasicCalendarTests */,
				08E1AE312926090B00172AC6 /* BasicCalendarUITests */,
				08E1AE102926090800172AC6 /* Products */,
			);
			sourceTree = "<group>";
		};
		08E1AE102926090800172AC6 /* Products */ = {
			isa = PBXGroup;
			children = (
				08E1AE0F2926090800172AC6 /* BasicCalendar.app */,
				08E1AE242926090B00172AC6 /* BasicCalendarTests.xctest */,
				08E1AE2E2926090B00172AC6 /* BasicCalendarUITests.xctest */,
			);
			name = Products;
			sourceTree = "<group>";
		};
		08E1AE112926090800172AC6 /* BasicCalendar */ = {
			isa = PBXGroup;
			children = (
				08E1AE122926090800172AC6 /* BasicCalendarApp.swift */,
				08E1AE142926090800172AC6 /* ContentView.swift */,
				08E1AE162926090B00172AC6 /* Assets.xcassets */,
				08E1AE1B2926090B00172AC6 /* Persistence.swift */,
				08E1AE1D2926090B00172AC6 /* BasicCalendar.xcdatamodeld */,
				08E1AE182926090B00172AC6 /* Preview Content */,
			);
			path = BasicCalendar;
			sourceTree = "<group>";
		};
		08E1AE182926090B00172AC6 /* Preview Content */ = {
			isa = PBXGroup;
			children = (
				08E1AE192926090B00172AC6 /* Preview Assets.xcassets */,
			);
			path = "Preview Content";
			sourceTree = "<group>";
		};
		08E1AE272926090B00172AC6 /* BasicCalendarTests */ = {
			isa = PBXGroup;
			children = (
				08E1AE282926090B00172AC6 /* BasicCalendarTests.swift */,
			);
			path = BasicCalendarTests;
			sourceTree = "<group>";
		};
		08E1AE312926090B00172AC6 /* BasicCalendarUITests */ = {
			isa = PBXGroup;
			children = (
				08E1AE322926090B00172AC6 /* BasicCalendarUITests.swift */,
				08E1AE342926090B00172AC6 /* BasicCalendarUITestsLaunchTests.swift */,
			);
			path = BasicCalendarUITests;
			sourceTree = "<group>";
		};
/* End PBXGroup section */

/* Begin PBXNativeTarget section */
		08E1AE0E2926090800172AC6 /* BasicCalendar */ = {
			isa = PBXNativeTarget;
			buildConfigurationList = 08E1AE382926090B00172AC6 /* Build configuration list for PBXNativeTarget "BasicCalendar" */;
			buildPhases = (
				08E1AE0B2926090800172AC6 /* Sources */,
				08E1AE0C2926090800172AC6 /* Frameworks */,
				08E1AE0D2926090800172AC6 /* Resources */,
			);
			buildRules = (
			);
			dependencies = (
			);
			name = BasicCalendar;
			productName = BasicCalendar;
			productReference = 08E1AE0F2926090800172AC6 /* BasicCalendar.app */;
			productType = "com.apple.product-type.application";
		};
		08E1AE232926090B00172AC6 /* BasicCalendarTests */ = {
			isa = PBXNativeTarget;
			buildConfigurationList = 08E1AE3B2926090B00172AC6 /* Build configuration list for PBXNativeTarget "BasicCalendarTests" */;
			buildPhases = (
				08E1AE202926090B00172AC6 /* Sources */,
				08E1AE212926090B00172AC6 /* Frameworks */,
				08E1AE222926090B00172AC6 /* Resources */,
			);
			buildRules = (
			);
			dependencies = (
				08E1AE262926090B00172AC6 /* PBXTargetDependency */,
			);
			name = BasicCalendarTests;
			productName = BasicCalendarTests;
			productReference = 08E1AE242926090B00172AC6 /* BasicCalendarTests.xctest */;
			productType = "com.apple.product-type.bundle.unit-test";
		};
		08E1AE2D2926090B00172AC6 /* BasicCalendarUITests */ = {
			isa = PBXNativeTarget;
			buildConfigurationList = 08E1AE3E2926090B00172AC6 /* Build configuration list for PBXNativeTarget "BasicCalendarUITests" */;
			buildPhases = (
				08E1AE2A2926090B00172AC6 /* Sources */,
				08E1AE2B2926090B00172AC6 /* Frameworks */,
				08E1AE2C2926090B00172AC6 /* Resources */,
			);
			buildRules = (
			);
			dependencies = (
				08E1AE302926090B00172AC6 /* PBXTargetDependency */,
			);
			name = BasicCalendarUITests;
			productName = BasicCalendarUITests;
			productReference = 08E1AE2E2926090B00172AC6 /* BasicCalendarUITests.xctest */;
			productType = "com.apple.product-type.bundle.ui-testing";
		};
/* End PBXNativeTarget section */

/* Begin PBXProject section */
		08E1AE072926090800172AC6 /* Project object */ = {
			isa = PBXProject;
			attributes = {
				BuildIndependentTargetsInParallel = 1;
				LastSwiftUpdateCheck = 1320;
				LastUpgradeCheck = 1320;
				TargetAttributes = {
					08E1AE0E2926090800172AC6 = {
						CreatedOnToolsVersion = 13.2.1;
					};
					08E1AE232926090B00172AC6 = {
						CreatedOnToolsVersion = 13.2.1;
						TestTargetID = 08E1AE0E2926090800172AC6;
					};
					08E1AE2D2926090B00172AC6 = {
						CreatedOnToolsVersion = 13.2.1;
						TestTargetID = 08E1AE0E2926090800172AC6;
					};
				};
			};
			buildConfigurationList = 08E1AE0A2926090800172AC6 /* Build configuration list for PBXProject "BasicCalendar" */;
			compatibilityVersion = "Xcode 13.0";
			developmentRegion = en;
			hasScannedForEncodings = 0;
			knownRegions = (
				en,
				Base,
			);
			mainGroup = 08E1AE062926090800172AC6;
			productRefGroup = 08E1AE102926090800172AC6 /* Products */;
			projectDirPath = "";
			projectRoot = "";
			targets = (
				08E1AE0E2926090800172AC6 /* BasicCalendar */,
				08E1AE232926090B00172AC6 /* BasicCalendarTests */,
				08E1AE2D2926090B00172AC6 /* BasicCalendarUITests */,
			);
		};
/* End PBXProject section */

/* Begin PBXResourcesBuildPhase section */
		08E1AE0D2926090800172AC6 /* Resources */ = {
			isa = PBXResourcesBuildPhase;
			buildActionMask = 2147483647;
			files = (
				08E1AE1A2926090B00172AC6 /* Preview Assets.xcassets in Resources */,
				08E1AE172926090B00172AC6 /* Assets.xcassets in Resources */,
			);
			runOnlyForDeploymentPostprocessing = 0;
		};
		08E1AE222926090B00172AC6 /* Resources */ = {
			isa = PBXResourcesBuildPhase;
			buildActionMask = 2147483647;
			files = (
			);
			runOnlyForDeploymentPostprocessing = 0;
		};
		08E1AE2C2926090B00172AC6 /* Resources */ = {
			isa = PBXResourcesBuildPhase;
			buildActionMask = 2147483647;
			files = (
			);
			runOnlyForDeploymentPostprocessing = 0;
		};
/* End PBXResourcesBuildPhase section */

/* Begin PBXSourcesBuildPhase section */
		08E1AE0B2926090800172AC6 /* Sources */ = {
			isa = PBXSourcesBuildPhase;
			buildActionMask = 2147483647;
			files = (
				08E1AE1C2926090B00172AC6 /* Persistence.swift in Sources */,
				08E1AE152926090800172AC6 /* ContentView.swift in Sources */,
				08E1AE1F2926090B00172AC6 /* BasicCalendar.xcdatamodeld in Sources */,
				08E1AE132926090800172AC6 /* BasicCalendarApp.swift in Sources */,
			);
			runOnlyForDeploymentPostprocessing = 0;
		};
		08E1AE202926090B00172AC6 /* Sources */ = {
			isa = PBXSourcesBuildPhase;
			buildActionMask = 2147483647;
			files = (
				08E1AE292926090B00172AC6 /* BasicCalendarTests.swift in Sources */,
			);
			runOnlyForDeploymentPostprocessing = 0;
		};
		08E1AE2A2926090B00172AC6 /* Sources */ = {
			isa = PBXSourcesBuildPhase;
			buildActionMask = 2147483647;
			files = (
				08E1AE332926090B00172AC6 /* BasicCalendarUITests.swift in Sources */,
				08E1AE352926090B00172AC6 /* BasicCalendarUITestsLaunchTests.swift in Sources */,
			);
			runOnlyForDeploymentPostprocessing = 0;
		};
/* End PBXSourcesBuildPhase section */

/* Begin PBXTargetDependency section */
		08E1AE262926090B00172AC6 /* PBXTargetDependency */ = {
			isa = PBXTargetDependency;
			target = 08E1AE0E2926090800172AC6 /* BasicCalendar */;
			targetProxy = 08E1AE252926090B00172AC6 /* PBXContainerItemProxy */;
		};
		08E1AE302926090B00172AC6 /* PBXTargetDependency */ = {
			isa = PBXTargetDependency;
			target = 08E1AE0E2926090800172AC6 /* BasicCalendar */;
			targetProxy = 08E1AE2F2926090B00172AC6 /* PBXContainerItemProxy */;
		};
/* End PBXTargetDependency section */

/* Begin XCBuildConfiguration section */
		08E1AE362926090B00172AC6 /* Debug */ = {
			isa = XCBuildConfiguration;
			buildSettings = {
				ALWAYS_SEARCH_USER_PATHS = NO;
				CLANG_ANALYZER_NONNULL = YES;
				CLANG_ANALYZER_NUMBER_OBJECT_CONVERSION = YES_AGGRESSIVE;
				CLANG_CXX_LANGUAGE_STANDARD = "gnu++17";
				CLANG_CXX_LIBRARY = "libc++";
				CLANG_ENABLE_MODULES = YES;
				CLANG_ENABLE_OBJC_ARC = YES;
				CLANG_ENABLE_OBJC_WEAK = YES;
				CLANG_WARN_BLOCK_CAPTURE_AUTORELEASING = YES;
				CLANG_WARN_BOOL_CONVERSION = YES;
				CLANG_WARN_COMMA = YES;
				CLANG_WARN_CONSTANT_CONVERSION = YES;
				CLANG_WARN_DEPRECATED_OBJC_IMPLEMENTATIONS = YES;
				CLANG_WARN_DIRECT_OBJC_ISA_USAGE = YES_ERROR;
				CLANG_WARN_DOCUMENTATION_COMMENTS = YES;
				CLANG_WARN_EMPTY_BODY = YES;
				CLANG_WARN_ENUM_CONVERSION = YES;
				CLANG_WARN_INFINITE_RECURSION = YES;
				CLANG_WARN_INT_CONVERSION = YES;
				CLANG_WARN_NON_LITERAL_NULL_CONVERSION = YES;
				CLANG_WARN_OBJC_IMPLICIT_RETAIN_SELF = YES;
				CLANG_WARN_OBJC_LITERAL_CONVERSION = YES;
				CLANG_WARN_OBJC_ROOT_CLASS = YES_ERROR;
				CLANG_WARN_QUOTED_INCLUDE_IN_FRAMEWORK_HEADER = YES;
				CLANG_WARN_RANGE_LOOP_ANALYSIS = YES;
				CLANG_WARN_STRICT_PROTOTYPES = YES;
				CLANG_WARN_SUSPICIOUS_MOVE = YES;
				CLANG_WARN_UNGUARDED_AVAILABILITY = YES_AGGRESSIVE;
				CLANG_WARN_UNREACHABLE_CODE = YES;
				CLANG_WARN__DUPLICATE_METHOD_MATCH = YES;
				COPY_PHASE_STRIP = NO;
				DEBUG_INFORMATION_FORMAT = dwarf;
				ENABLE_STRICT_OBJC_MSGSEND = YES;
				ENABLE_TESTABILITY = YES;
				GCC_C_LANGUAGE_STANDARD = gnu11;
				GCC_DYNAMIC_NO_PIC = NO;
				GCC_NO_COMMON_BLOCKS = YES;
				GCC_OPTIMIZATION_LEVEL = 0;
				GCC_PREPROCESSOR_DEFINITIONS = (
					"DEBUG=1",
					"$(inherited)",
				);
				GCC_WARN_64_TO_32_BIT_CONVERSION = YES;
				GCC_WARN_ABOUT_RETURN_TYPE = YES_ERROR;
				GCC_WARN_UNDECLARED_SELECTOR = YES;
				GCC_WARN_UNINITIALIZED_AUTOS = YES_AGGRESSIVE;
				GCC_WARN_UNUSED_FUNCTION = YES;
				GCC_WARN_UNUSED_VARIABLE = YES;
				IPHONEOS_DEPLOYMENT_TARGET = 14.0;
				MTL_ENABLE_DEBUG_INFO = INCLUDE_SOURCE;
				MTL_FAST_MATH = YES;
				ONLY_ACTIVE_ARCH = YES;
				SDKROOT = iphoneos;
				SWIFT_ACTIVE_COMPILATION_CONDITIONS = DEBUG;
				SWIFT_OPTIMIZATION_LEVEL = "-Onone";
			};
			name = Debug;
		};
		08E1AE372926090B00172AC6 /* Release */ = {
			isa = XCBuildConfiguration;
			buildSettings = {
				ALWAYS_SEARCH_USER_PATHS = NO;
				CLANG_ANALYZER_NONNULL = YES;
				CLANG_ANALYZER_NUMBER_OBJECT_CONVERSION = YES_AGGRESSIVE;
				CLANG_CXX_LANGUAGE_STANDARD = "gnu++17";
				CLANG_CXX_LIBRARY = "libc++";
				CLANG_ENABLE_MODULES = YES;
				CLANG_ENABLE_OBJC_ARC = YES;
				CLANG_ENABLE_OBJC_WEAK = YES;
				CLANG_WARN_BLOCK_CAPTURE_AUTORELEASING = YES;
				CLANG_WARN_BOOL_CONVERSION = YES;
				CLANG_WARN_COMMA = YES;
				CLANG_WARN_CONSTANT_CONVERSION = YES;
				CLANG_WARN_DEPRECATED_OBJC_IMPLEMENTATIONS = YES;
				CLANG_WARN_DIRECT_OBJC_ISA_USAGE = YES_ERROR;
				CLANG_WARN_DOCUMENTATION_COMMENTS = YES;
				CLANG_WARN_EMPTY_BODY = YES;
				CLANG_WARN_ENUM_CONVERSION = YES;
				CLANG_WARN_INFINITE_RECURSION = YES;
				CLANG_WARN_INT_CONVERSION = YES;
				CLANG_WARN_NON_LITERAL_NULL_CONVERSION = YES;
				CLANG_WARN_OBJC_IMPLICIT_RETAIN_SELF = YES;
				CLANG_WARN_OBJC_LITERAL_CONVERSION = YES;
				CLANG_WARN_OBJC_ROOT_CLASS = YES_ERROR;
				CLANG_WARN_QUOTED_INCLUDE_IN_FRAMEWORK_HEADER = YES;
				CLANG_WARN_RANGE_LOOP_ANALYSIS = YES;
				CLANG_WARN_STRICT_PROTOTYPES = YES;
				CLANG_WARN_SUSPICIOUS_MOVE = YES;
				CLANG_WARN_UNGUARDED_AVAILABILITY = YES_AGGRESSIVE;
				CLANG_WARN_UNREACHABLE_CODE = YES;
				CLANG_WARN__DUPLICATE_METHOD_MATCH = YES;
				COPY_PHASE_STRIP = NO;
				DEBUG_INFORMATION_FORMAT = "dwarf-with-dsym";
				ENABLE_NS_ASSERTIONS = NO;
				ENABLE_STRICT_OBJC_MSGSEND = YES;
				GCC_C_LANGUAGE_STANDARD = gnu11;
				GCC_NO_COMMON_BLOCKS = YES;
				GCC_WARN_64_TO_32_BIT_CONVERSION = YES;
				GCC_WARN_ABOUT_RETURN_TYPE = YES_ERROR;
				GCC_WARN_UNDECLARED_SELECTOR = YES;
				GCC_WARN_UNINITIALIZED_AUTOS = YES_AGGRESSIVE;
				GCC_WARN_UNUSED_FUNCTION = YES;
				GCC_WARN_UNUSED_VARIABLE = YES;
				IPHONEOS_DEPLOYMENT_TARGET = 14.0;
				MTL_ENABLE_DEBUG_INFO = NO;
				MTL_FAST_MATH = YES;
				SDKROOT = iphoneos;
				SWIFT_COMPILATION_MODE = wholemodule;
				SWIFT_OPTIMIZATION_LEVEL = "-O";
				VALIDATE_PRODUCT = YES;
			};
			name = Release;
		};
		08E1AE392926090B00172AC6 /* Debug */ = {
			isa = XCBuildConfiguration;
			buildSettings = {
				ASSETCATALOG_COMPILER_APPICON_NAME = AppIcon;
				ASSETCATALOG_COMPILER_GLOBAL_ACCENT_COLOR_NAME = AccentColor;
				CODE_SIGN_STYLE = Automatic;
				CURRENT_PROJECT_VERSION = 1;
				DEVELOPMENT_ASSET_PATHS = "\"BasicCalendar/Preview Content\"";
				DEVELOPMENT_TEAM = SR64R8JGKP;
				ENABLE_PREVIEWS = YES;
				GENERATE_INFOPLIST_FILE = YES;
				INFOPLIST_KEY_UIApplicationSceneManifest_Generation = YES;
				INFOPLIST_KEY_UIApplicationSupportsIndirectInputEvents = YES;
				INFOPLIST_KEY_UILaunchScreen_Generation = YES;
				INFOPLIST_KEY_UISupportedInterfaceOrientations_iPad = "UIInterfaceOrientationPortrait UIInterfaceOrientationPortraitUpsideDown UIInterfaceOrientationLandscapeLeft UIInterfaceOrientationLandscapeRight";
				INFOPLIST_KEY_UISupportedInterfaceOrientations_iPhone = "UIInterfaceOrientationPortrait UIInterfaceOrientationLandscapeLeft UIInterfaceOrientationLandscapeRight";
				LD_RUNPATH_SEARCH_PATHS = (
					"$(inherited)",
					"@executable_path/Frameworks",
				);
				MARKETING_VERSION = 0.0.1;
				PRODUCT_BUNDLE_IDENTIFIER = com.etoos.BasicCalendar;
				PRODUCT_NAME = "$(TARGET_NAME)";
				SWIFT_EMIT_LOC_STRINGS = YES;
				SWIFT_VERSION = 5.0;
				TARGETED_DEVICE_FAMILY = "1,2";
			};
			name = Debug;
		};
		08E1AE3A2926090B00172AC6 /* Release */ = {
			isa = XCBuildConfiguration;
			buildSettings = {
				ASSETCATALOG_COMPILER_APPICON_NAME = AppIcon;
				ASSETCATALOG_COMPILER_GLOBAL_ACCENT_COLOR_NAME = AccentColor;
				CODE_SIGN_STYLE = Automatic;
				CURRENT_PROJECT_VERSION = 1;
				DEVELOPMENT_ASSET_PATHS = "\"BasicCalendar/Preview Content\"";
				DEVELOPMENT_TEAM = SR64R8JGKP;
				ENABLE_PREVIEWS = YES;
				GENERATE_INFOPLIST_FILE = YES;
				INFOPLIST_KEY_UIApplicationSceneManifest_Generation = YES;
				INFOPLIST_KEY_UIApplicationSupportsIndirectInputEvents = YES;
				INFOPLIST_KEY_UILaunchScreen_Generation = YES;
				INFOPLIST_KEY_UISupportedInterfaceOrientations_iPad = "UIInterfaceOrientationPortrait UIInterfaceOrientationPortraitUpsideDown UIInterfaceOrientationLandscapeLeft UIInterfaceOrientationLandscapeRight";
				INFOPLIST_KEY_UISupportedInterfaceOrientations_iPhone = "UIInterfaceOrientationPortrait UIInterfaceOrientationLandscapeLeft UIInterfaceOrientationLandscapeRight";
				LD_RUNPATH_SEARCH_PATHS = (
					"$(inherited)",
					"@executable_path/Frameworks",
				);
				MARKETING_VERSION = 0.0.1;
				PRODUCT_BUNDLE_IDENTIFIER = com.etoos.BasicCalendar;
				PRODUCT_NAME = "$(TARGET_NAME)";
				SWIFT_EMIT_LOC_STRINGS = YES;
				SWIFT_VERSION = 5.0;
				TARGETED_DEVICE_FAMILY = "1,2";
			};
			name = Release;
		};
		08E1AE3C2926090B00172AC6 /* Debug */ = {
			isa = XCBuildConfiguration;
			buildSettings = {
				ALWAYS_EMBED_SWIFT_STANDARD_LIBRARIES = YES;
				BUNDLE_LOADER = "$(TEST_HOST)";
				CODE_SIGN_STYLE = Automatic;
				CURRENT_PROJECT_VERSION = 1;
				DEVELOPMENT_TEAM = SR64R8JGKP;
				GENERATE_INFOPLIST_FILE = YES;
				IPHONEOS_DEPLOYMENT_TARGET = 15.2;
				MARKETING_VERSION = 1.0;
				PRODUCT_BUNDLE_IDENTIFIER = com.etoos.BasicCalendarTests;
				PRODUCT_NAME = "$(TARGET_NAME)";
				SWIFT_EMIT_LOC_STRINGS = NO;
				SWIFT_VERSION = 5.0;
				TARGETED_DEVICE_FAMILY = "1,2";
				TEST_HOST = "$(BUILT_PRODUCTS_DIR)/BasicCalendar.app/BasicCalendar";
			};
			name = Debug;
		};
		08E1AE3D2926090B00172AC6 /* Release */ = {
			isa = XCBuildConfiguration;
			buildSettings = {
				ALWAYS_EMBED_SWIFT_STANDARD_LIBRARIES = YES;
				BUNDLE_LOADER = "$(TEST_HOST)";
				CODE_SIGN_STYLE = Automatic;
				CURRENT_PROJECT_VERSION = 1;
				DEVELOPMENT_TEAM = SR64R8JGKP;
				GENERATE_INFOPLIST_FILE = YES;
				IPHONEOS_DEPLOYMENT_TARGET = 15.2;
				MARKETING_VERSION = 1.0;
				PRODUCT_BUNDLE_IDENTIFIER = com.etoos.BasicCalendarTests;
				PRODUCT_NAME = "$(TARGET_NAME)";
				SWIFT_EMIT_LOC_STRINGS = NO;
				SWIFT_VERSION = 5.0;
				TARGETED_DEVICE_FAMILY = "1,2";
				TEST_HOST = "$(BUILT_PRODUCTS_DIR)/BasicCalendar.app/BasicCalendar";
			};
			name = Release;
		};
		08E1AE3F2926090B00172AC6 /* Debug */ = {
			isa = XCBuildConfiguration;
			buildSettings = {
				ALWAYS_EMBED_SWIFT_STANDARD_LIBRARIES = YES;
				CODE_SIGN_STYLE = Automatic;
				CURRENT_PROJECT_VERSION = 1;
				DEVELOPMENT_TEAM = SR64R8JGKP;
				GENERATE_INFOPLIST_FILE = YES;
				MARKETING_VERSION = 1.0;
				PRODUCT_BUNDLE_IDENTIFIER = com.etoos.BasicCalendarUITests;
				PRODUCT_NAME = "$(TARGET_NAME)";
				SWIFT_EMIT_LOC_STRINGS = NO;
				SWIFT_VERSION = 5.0;
				TARGETED_DEVICE_FAMILY = "1,2";
				TEST_TARGET_NAME = BasicCalendar;
			};
			name = Debug;
		};
		08E1AE402926090B00172AC6 /* Release */ = {
			isa = XCBuildConfiguration;
			buildSettings = {
				ALWAYS_EMBED_SWIFT_STANDARD_LIBRARIES = YES;
				CODE_SIGN_STYLE = Automatic;
				CURRENT_PROJECT_VERSION = 1;
				DEVELOPMENT_TEAM = SR64R8JGKP;
				GENERATE_INFOPLIST_FILE = YES;
				MARKETING_VERSION = 1.0;
				PRODUCT_BUNDLE_IDENTIFIER = com.etoos.BasicCalendarUITests;
				PRODUCT_NAME = "$(TARGET_NAME)";
				SWIFT_EMIT_LOC_STRINGS = NO;
				SWIFT_VERSION = 5.0;
				TARGETED_DEVICE_FAMILY = "1,2";
				TEST_TARGET_NAME = BasicCalendar;
			};
			name = Release;
		};
/* End XCBuildConfiguration section */

/* Begin XCConfigurationList section */
		08E1AE0A2926090800172AC6 /* Build configuration list for PBXProject "BasicCalendar" */ = {
			isa = XCConfigurationList;
			buildConfigurations = (
				08E1AE362926090B00172AC6 /* Debug */,
				08E1AE372926090B00172AC6 /* Release */,
			);
			defaultConfigurationIsVisible = 0;
			defaultConfigurationName = Release;
		};
		08E1AE382926090B00172AC6 /* Build configuration list for PBXNativeTarget "BasicCalendar" */ = {
			isa = XCConfigurationList;
			buildConfigurations = (
				08E1AE392926090B00172AC6 /* Debug */,
				08E1AE3A2926090B00172AC6 /* Release */,
			);
			defaultConfigurationIsVisible = 0;
			defaultConfigurationName = Release;
		};
		08E1AE3B2926090B00172AC6 /* Build configuration list for PBXNativeTarget "BasicCalendarTests" */ = {
			isa = XCConfigurationList;
			buildConfigurations = (
				08E1AE3C2926090B00172AC6 /* Debug */,
				08E1AE3D2926090B00172AC6 /* Release */,
			);
			defaultConfigurationIsVisible = 0;
			defaultConfigurationName = Release;
		};
		08E1AE3E2926090B00172AC6 /* Build configuration list for PBXNativeTarget "BasicCalendarUITests" */ = {
			isa = XCConfigurationList;
			buildConfigurations = (
				08E1AE3F2926090B00172AC6 /* Debug */,
				08E1AE402926090B00172AC6 /* Release */,
			);
			defaultConfigurationIsVisible = 0;
			defaultConfigurationName = Release;
		};
/* End XCConfigurationList section */

/* Begin XCVersionGroup section */
		08E1AE1D2926090B00172AC6 /* BasicCalendar.xcdatamodeld */ = {
			isa = XCVersionGroup;
			children = (
				08E1AE1E2926090B00172AC6 /* BasicCalendar.xcdatamodel */,
			);
			currentVersion = 08E1AE1E2926090B00172AC6 /* BasicCalendar.xcdatamodel */;
			path = BasicCalendar.xcdatamodeld;
			sourceTree = "<group>";
			versionGroupType = wrapper.xcdatamodel;
		};
/* End XCVersionGroup section */
	};
	rootObject = 08E1AE072926090800172AC6 /* Project object */;
}
